// !$*UTF8*$!
{
	archiveVersion = 1;
	classes = {
	};
	objectVersion = 46;
	objects = {

/* Begin PBXBuildFile section */
		F8330633179EE06C00210388 /* Foundation.framework in Frameworks */ = {isa = PBXBuildFile; fileRef = F8330632179EE06C00210388 /* Foundation.framework */; };
		F8330635179EE06C00210388 /* CoreGraphics.framework in Frameworks */ = {isa = PBXBuildFile; fileRef = F8330634179EE06C00210388 /* CoreGraphics.framework */; };
		F8330637179EE06C00210388 /* UIKit.framework in Frameworks */ = {isa = PBXBuildFile; fileRef = F8330636179EE06C00210388 /* UIKit.framework */; };
		F833063D179EE06C00210388 /* InfoPlist.strings in Resources */ = {isa = PBXBuildFile; fileRef = F833063B179EE06C00210388 /* InfoPlist.strings */; };
		F833063F179EE06C00210388 /* main.m in Sources */ = {isa = PBXBuildFile; fileRef = F833063E179EE06C00210388 /* main.m */; };
		F8330643179EE06C00210388 /* PSHAppDelegate.m in Sources */ = {isa = PBXBuildFile; fileRef = F8330642179EE06C00210388 /* PSHAppDelegate.m */; };
		F8330645179EE06C00210388 /* Images.xcassets in Resources */ = {isa = PBXBuildFile; fileRef = F8330644179EE06C00210388 /* Images.xcassets */; };
		F833064C179EE06C00210388 /* XCTest.framework in Frameworks */ = {isa = PBXBuildFile; fileRef = F833064B179EE06C00210388 /* XCTest.framework */; };
		F833064D179EE06C00210388 /* Foundation.framework in Frameworks */ = {isa = PBXBuildFile; fileRef = F8330632179EE06C00210388 /* Foundation.framework */; };
		F833064E179EE06C00210388 /* UIKit.framework in Frameworks */ = {isa = PBXBuildFile; fileRef = F8330636179EE06C00210388 /* UIKit.framework */; };
		F8330656179EE06C00210388 /* InfoPlist.strings in Resources */ = {isa = PBXBuildFile; fileRef = F8330654179EE06C00210388 /* InfoPlist.strings */; };
		F8330658179EE06C00210388 /* PSHUITests.m in Sources */ = {isa = PBXBuildFile; fileRef = F8330657179EE06C00210388 /* PSHUITests.m */; };
/* End PBXBuildFile section */

/* Begin PBXContainerItemProxy section */
		F833064F179EE06C00210388 /* PBXContainerItemProxy */ = {
			isa = PBXContainerItemProxy;
			containerPortal = F8330627179EE06C00210388 /* Project object */;
			proxyType = 1;
			remoteGlobalIDString = F833062E179EE06C00210388;
			remoteInfo = PSHUI;
		};
/* End PBXContainerItemProxy section */

/* Begin PBXFileReference section */
		F833062F179EE06C00210388 /* PSHUI.app */ = {isa = PBXFileReference; explicitFileType = wrapper.application; includeInIndex = 0; path = PSHUI.app; sourceTree = BUILT_PRODUCTS_DIR; };
		F8330632179EE06C00210388 /* Foundation.framework */ = {isa = PBXFileReference; lastKnownFileType = wrapper.framework; name = Foundation.framework; path = System/Library/Frameworks/Foundation.framework; sourceTree = SDKROOT; };
		F8330634179EE06C00210388 /* CoreGraphics.framework */ = {isa = PBXFileReference; lastKnownFileType = wrapper.framework; name = CoreGraphics.framework; path = System/Library/Frameworks/CoreGraphics.framework; sourceTree = SDKROOT; };
		F8330636179EE06C00210388 /* UIKit.framework */ = {isa = PBXFileReference; lastKnownFileType = wrapper.framework; name = UIKit.framework; path = System/Library/Frameworks/UIKit.framework; sourceTree = SDKROOT; };
		F833063A179EE06C00210388 /* PSHUI-Info.plist */ = {isa = PBXFileReference; lastKnownFileType = text.plist.xml; path = "PSHUI-Info.plist"; sourceTree = "<group>"; };
		F833063C179EE06C00210388 /* en */ = {isa = PBXFileReference; lastKnownFileType = text.plist.strings; name = en; path = en.lproj/InfoPlist.strings; sourceTree = "<group>"; };
		F833063E179EE06C00210388 /* main.m */ = {isa = PBXFileReference; lastKnownFileType = sourcecode.c.objc; path = main.m; sourceTree = "<group>"; };
		F8330640179EE06C00210388 /* PSHUI-Prefix.pch */ = {isa = PBXFileReference; lastKnownFileType = sourcecode.c.h; path = "PSHUI-Prefix.pch"; sourceTree = "<group>"; };
		F8330641179EE06C00210388 /* PSHAppDelegate.h */ = {isa = PBXFileReference; lastKnownFileType = sourcecode.c.h; path = PSHAppDelegate.h; sourceTree = "<group>"; };
		F8330642179EE06C00210388 /* PSHAppDelegate.m */ = {isa = PBXFileReference; lastKnownFileType = sourcecode.c.objc; path = PSHAppDelegate.m; sourceTree = "<group>"; };
		F8330644179EE06C00210388 /* Images.xcassets */ = {isa = PBXFileReference; lastKnownFileType = folder.assetcatalog; path = Images.xcassets; sourceTree = "<group>"; };
		F833064A179EE06C00210388 /* PSHUITests.xctest */ = {isa = PBXFileReference; explicitFileType = wrapper.cfbundle; includeInIndex = 0; path = PSHUITests.xctest; sourceTree = BUILT_PRODUCTS_DIR; };
		F833064B179EE06C00210388 /* XCTest.framework */ = {isa = PBXFileReference; lastKnownFileType = wrapper.framework; name = XCTest.framework; path = Library/Frameworks/XCTest.framework; sourceTree = DEVELOPER_DIR; };
		F8330653179EE06C00210388 /* PSHUITests-Info.plist */ = {isa = PBXFileReference; lastKnownFileType = text.plist.xml; path = "PSHUITests-Info.plist"; sourceTree = "<group>"; };
		F8330655179EE06C00210388 /* en */ = {isa = PBXFileReference; lastKnownFileType = text.plist.strings; name = en; path = en.lproj/InfoPlist.strings; sourceTree = "<group>"; };
		F8330657179EE06C00210388 /* PSHUITests.m */ = {isa = PBXFileReference; lastKnownFileType = sourcecode.c.objc; path = PSHUITests.m; sourceTree = "<group>"; };
/* End PBXFileReference section */

/* Begin PBXFrameworksBuildPhase section */
		F833062C179EE06C00210388 /* Frameworks */ = {
			isa = PBXFrameworksBuildPhase;
			buildActionMask = 2147483647;
			files = (
				F8330635179EE06C00210388 /* CoreGraphics.framework in Frameworks */,
				F8330637179EE06C00210388 /* UIKit.framework in Frameworks */,
				F8330633179EE06C00210388 /* Foundation.framework in Frameworks */,
			);
			runOnlyForDeploymentPostprocessing = 0;
		};
		F8330647179EE06C00210388 /* Frameworks */ = {
			isa = PBXFrameworksBuildPhase;
			buildActionMask = 2147483647;
			files = (
				F833064C179EE06C00210388 /* XCTest.framework in Frameworks */,
				F833064E179EE06C00210388 /* UIKit.framework in Frameworks */,
				F833064D179EE06C00210388 /* Foundation.framework in Frameworks */,
			);
			runOnlyForDeploymentPostprocessing = 0;
		};
/* End PBXFrameworksBuildPhase section */

/* Begin PBXGroup section */
		F8330626179EE06C00210388 = {
			isa = PBXGroup;
			children = (
				F8330638179EE06C00210388 /* PSHUI */,
				F8330651179EE06C00210388 /* PSHUITests */,
				F8330631179EE06C00210388 /* Frameworks */,
				F8330630179EE06C00210388 /* Products */,
			);
			sourceTree = "<group>";
		};
		F8330630179EE06C00210388 /* Products */ = {
			isa = PBXGroup;
			children = (
				F833062F179EE06C00210388 /* PSHUI.app */,
				F833064A179EE06C00210388 /* PSHUITests.xctest */,
			);
			name = Products;
			sourceTree = "<group>";
		};
		F8330631179EE06C00210388 /* Frameworks */ = {
			isa = PBXGroup;
			children = (
				F8330632179EE06C00210388 /* Foundation.framework */,
				F8330634179EE06C00210388 /* CoreGraphics.framework */,
				F8330636179EE06C00210388 /* UIKit.framework */,
				F833064B179EE06C00210388 /* XCTest.framework */,
			);
			name = Frameworks;
			sourceTree = "<group>";
		};
		F8330638179EE06C00210388 /* PSHUI */ = {
			isa = PBXGroup;
			children = (
				F8330641179EE06C00210388 /* PSHAppDelegate.h */,
				F8330642179EE06C00210388 /* PSHAppDelegate.m */,
				F8330644179EE06C00210388 /* Images.xcassets */,
				F8330639179EE06C00210388 /* Supporting Files */,
			);
			path = PSHUI;
			sourceTree = "<group>";
		};
		F8330639179EE06C00210388 /* Supporting Files */ = {
			isa = PBXGroup;
			children = (
				F833063A179EE06C00210388 /* PSHUI-Info.plist */,
				F833063B179EE06C00210388 /* InfoPlist.strings */,
				F833063E179EE06C00210388 /* main.m */,
				F8330640179EE06C00210388 /* PSHUI-Prefix.pch */,
			);
			name = "Supporting Files";
			sourceTree = "<group>";
		};
		F8330651179EE06C00210388 /* PSHUITests */ = {
			isa = PBXGroup;
			children = (
				F8330657179EE06C00210388 /* PSHUITests.m */,
				F8330652179EE06C00210388 /* Supporting Files */,
			);
			path = PSHUITests;
			sourceTree = "<group>";
		};
		F8330652179EE06C00210388 /* Supporting Files */ = {
			isa = PBXGroup;
			children = (
				F8330653179EE06C00210388 /* PSHUITests-Info.plist */,
				F8330654179EE06C00210388 /* InfoPlist.strings */,
			);
			name = "Supporting Files";
			sourceTree = "<group>";
		};
/* End PBXGroup section */

/* Begin PBXNativeTarget section */
		F833062E179EE06C00210388 /* PSHUI */ = {
			isa = PBXNativeTarget;
			buildConfigurationList = F833065B179EE06C00210388 /* Build configuration list for PBXNativeTarget "PSHUI" */;
			buildPhases = (
				F833062B179EE06C00210388 /* Sources */,
				F833062C179EE06C00210388 /* Frameworks */,
				F833062D179EE06C00210388 /* Resources */,
			);
			buildRules = (
			);
			dependencies = (
			);
			name = PSHUI;
			productName = PSHUI;
			productReference = F833062F179EE06C00210388 /* PSHUI.app */;
			productType = "com.apple.product-type.application";
		};
		F8330649179EE06C00210388 /* PSHUITests */ = {
			isa = PBXNativeTarget;
			buildConfigurationList = F833065E179EE06C00210388 /* Build configuration list for PBXNativeTarget "PSHUITests" */;
			buildPhases = (
				F8330646179EE06C00210388 /* Sources */,
				F8330647179EE06C00210388 /* Frameworks */,
				F8330648179EE06C00210388 /* Resources */,
			);
			buildRules = (
			);
			dependencies = (
				F8330650179EE06C00210388 /* PBXTargetDependency */,
			);
			name = PSHUITests;
			productName = PSHUITests;
			productReference = F833064A179EE06C00210388 /* PSHUITests.xctest */;
			productType = "com.apple.product-type.bundle.unit-test";
		};
/* End PBXNativeTarget section */

/* Begin PBXProject section */
		F8330627179EE06C00210388 /* Project object */ = {
			isa = PBXProject;
			attributes = {
				CLASSPREFIX = PSH;
				LastUpgradeCheck = 0500;
				ORGANIZATIONNAME = "Jessica Liang";
				TargetAttributes = {
					F8330649179EE06C00210388 = {
						TestTargetID = F833062E179EE06C00210388;
					};
				};
			};
			buildConfigurationList = F833062A179EE06C00210388 /* Build configuration list for PBXProject "PSHUI" */;
			compatibilityVersion = "Xcode 3.2";
			developmentRegion = English;
			hasScannedForEncodings = 0;
			knownRegions = (
				en,
			);
			mainGroup = F8330626179EE06C00210388;
			productRefGroup = F8330630179EE06C00210388 /* Products */;
			projectDirPath = "";
			projectRoot = "";
			targets = (
				F833062E179EE06C00210388 /* PSHUI */,
				F8330649179EE06C00210388 /* PSHUITests */,
			);
		};
/* End PBXProject section */

/* Begin PBXResourcesBuildPhase section */
		F833062D179EE06C00210388 /* Resources */ = {
			isa = PBXResourcesBuildPhase;
			buildActionMask = 2147483647;
			files = (
				F833063D179EE06C00210388 /* InfoPlist.strings in Resources */,
				F8330645179EE06C00210388 /* Images.xcassets in Resources */,
			);
			runOnlyForDeploymentPostprocessing = 0;
		};
		F8330648179EE06C00210388 /* Resources */ = {
			isa = PBXResourcesBuildPhase;
			buildActionMask = 2147483647;
			files = (
				F8330656179EE06C00210388 /* InfoPlist.strings in Resources */,
			);
			runOnlyForDeploymentPostprocessing = 0;
		};
/* End PBXResourcesBuildPhase section */

/* Begin PBXSourcesBuildPhase section */
		F833062B179EE06C00210388 /* Sources */ = {
			isa = PBXSourcesBuildPhase;
			buildActionMask = 2147483647;
			files = (
				F8330643179EE06C00210388 /* PSHAppDelegate.m in Sources */,
				F833063F179EE06C00210388 /* main.m in Sources */,
			);
			runOnlyForDeploymentPostprocessing = 0;
		};
		F8330646179EE06C00210388 /* Sources */ = {
			isa = PBXSourcesBuildPhase;
			buildActionMask = 2147483647;
			files = (
				F8330658179EE06C00210388 /* PSHUITests.m in Sources */,
			);
			runOnlyForDeploymentPostprocessing = 0;
		};
/* End PBXSourcesBuildPhase section */

/* Begin PBXTargetDependency section */
		F8330650179EE06C00210388 /* PBXTargetDependency */ = {
			isa = PBXTargetDependency;
			target = F833062E179EE06C00210388 /* PSHUI */;
			targetProxy = F833064F179EE06C00210388 /* PBXContainerItemProxy */;
		};
/* End PBXTargetDependency section */

/* Begin PBXVariantGroup section */
		F833063B179EE06C00210388 /* InfoPlist.strings */ = {
			isa = PBXVariantGroup;
			children = (
				F833063C179EE06C00210388 /* en */,
			);
			name = InfoPlist.strings;
			sourceTree = "<group>";
		};
		F8330654179EE06C00210388 /* InfoPlist.strings */ = {
			isa = PBXVariantGroup;
			children = (
				F8330655179EE06C00210388 /* en */,
			);
			name = InfoPlist.strings;
			sourceTree = "<group>";
		};
/* End PBXVariantGroup section */

/* Begin XCBuildConfiguration section */
		F8330659179EE06C00210388 /* Debug */ = {
			isa = XCBuildConfiguration;
			buildSettings = {
				ALWAYS_SEARCH_USER_PATHS = NO;
				CLANG_CXX_LANGUAGE_STANDARD = "gnu++0x";
				CLANG_CXX_LIBRARY = "libc++";
				CLANG_ENABLE_MODULES = YES;
				CLANG_ENABLE_OBJC_ARC = YES;
				CLANG_WARN_BOOL_CONVERSION = YES;
				CLANG_WARN_CONSTANT_CONVERSION = YES;
				CLANG_WARN_DIRECT_OBJC_ISA_USAGE = YES_ERROR;
				CLANG_WARN_EMPTY_BODY = YES;
				CLANG_WARN_ENUM_CONVERSION = YES;
				CLANG_WARN_INT_CONVERSION = YES;
				CLANG_WARN_OBJC_ROOT_CLASS = YES_ERROR;
				CLANG_WARN__DUPLICATE_METHOD_MATCH = YES;
				"CODE_SIGN_IDENTITY[sdk=iphoneos*]" = "iPhone Developer";
				COPY_PHASE_STRIP = NO;
				GCC_C_LANGUAGE_STANDARD = gnu99;
				GCC_DYNAMIC_NO_PIC = NO;
				GCC_OPTIMIZATION_LEVEL = 0;
				GCC_PREPROCESSOR_DEFINITIONS = (
					"DEBUG=1",
					"$(inherited)",
				);
				GCC_SYMBOLS_PRIVATE_EXTERN = NO;
				GCC_WARN_ABOUT_RETURN_TYPE = YES_ERROR;
				GCC_WARN_UNDECLARED_SELECTOR = YES;
				GCC_WARN_UNINITIALIZED_AUTOS = YES;
				GCC_WARN_UNUSED_FUNCTION = YES;
				GCC_WARN_UNUSED_VARIABLE = YES;
				IPHONEOS_DEPLOYMENT_TARGET = 7.0;
				ONLY_ACTIVE_ARCH = YES;
				SDKROOT = iphoneos;
			};
			name = Debug;
		};
		F833065A179EE06C00210388 /* Release */ = {
			isa = XCBuildConfiguration;
			buildSettings = {
				ALWAYS_SEARCH_USER_PATHS = NO;
				CLANG_CXX_LANGUAGE_STANDARD = "gnu++0x";
				CLANG_CXX_LIBRARY = "libc++";
				CLANG_ENABLE_MODULES = YES;
				CLANG_ENABLE_OBJC_ARC = YES;
				CLANG_WARN_BOOL_CONVERSION = YES;
				CLANG_WARN_CONSTANT_CONVERSION = YES;
				CLANG_WARN_DIRECT_OBJC_ISA_USAGE = YES_ERROR;
				CLANG_WARN_EMPTY_BODY = YES;
				CLANG_WARN_ENUM_CONVERSION = YES;
				CLANG_WARN_INT_CONVERSION = YES;
				CLANG_WARN_OBJC_ROOT_CLASS = YES_ERROR;
				CLANG_WARN__DUPLICATE_METHOD_MATCH = YES;
				"CODE_SIGN_IDENTITY[sdk=iphoneos*]" = "iPhone Developer";
				COPY_PHASE_STRIP = YES;
				ENABLE_NS_ASSERTIONS = NO;
				GCC_C_LANGUAGE_STANDARD = gnu99;
				GCC_WARN_ABOUT_RETURN_TYPE = YES_ERROR;
				GCC_WARN_UNDECLARED_SELECTOR = YES;
				GCC_WARN_UNINITIALIZED_AUTOS = YES;
				GCC_WARN_UNUSED_FUNCTION = YES;
				GCC_WARN_UNUSED_VARIABLE = YES;
				IPHONEOS_DEPLOYMENT_TARGET = 7.0;
				SDKROOT = iphoneos;
				VALIDATE_PRODUCT = YES;
			};
			name = Release;
		};
		F833065C179EE06C00210388 /* Debug */ = {
			isa = XCBuildConfiguration;
			buildSettings = {
				ASSETCATALOG_COMPILER_APPICON_NAME = AppIcon;
				ASSETCATALOG_COMPILER_LAUNCHIMAGE_NAME = LaunchImage;
				GCC_PRECOMPILE_PREFIX_HEADER = YES;
				GCC_PREFIX_HEADER = "PSHUI/PSHUI-Prefix.pch";
				INFOPLIST_FILE = "PSHUI/PSHUI-Info.plist";
				PRODUCT_NAME = "$(TARGET_NAME)";
				WRAPPER_EXTENSION = app;
			};
			name = Debug;
		};
		F833065D179EE06C00210388 /* Release */ = {
			isa = XCBuildConfiguration;
			buildSettings = {
				ASSETCATALOG_COMPILER_APPICON_NAME = AppIcon;
				ASSETCATALOG_COMPILER_LAUNCHIMAGE_NAME = LaunchImage;
				GCC_PRECOMPILE_PREFIX_HEADER = YES;
				GCC_PREFIX_HEADER = "PSHUI/PSHUI-Prefix.pch";
				INFOPLIST_FILE = "PSHUI/PSHUI-Info.plist";
				PRODUCT_NAME = "$(TARGET_NAME)";
				WRAPPER_EXTENSION = app;
			};
			name = Release;
		};
		F833065F179EE06C00210388 /* Debug */ = {
			isa = XCBuildConfiguration;
			buildSettings = {
				BUNDLE_LOADER = "$(BUILT_PRODUCTS_DIR)/PSHUI.app/PSHUI";
				FRAMEWORK_SEARCH_PATHS = (
					"$(SDKROOT)/Developer/Library/Frameworks",
					"$(inherited)",
					"$(SYSTEM_APPS_DIR)/Xcode5-DP3.app/Contents/Developer/Library/Frameworks",
				);
				GCC_PRECOMPILE_PREFIX_HEADER = YES;
				GCC_PREFIX_HEADER = "PSHUI/PSHUI-Prefix.pch";
				GCC_PREPROCESSOR_DEFINITIONS = (
					"DEBUG=1",
					"$(inherited)",
				);
				INFOPLIST_FILE = "PSHUITests/PSHUITests-Info.plist";
				PRODUCT_NAME = "$(TARGET_NAME)";
				TEST_HOST = "$(BUNDLE_LOADER)";
				WRAPPER_EXTENSION = xctest;
			};
			name = Debug;
		};
		F8330660179EE06C00210388 /* Release */ = {
			isa = XCBuildConfiguration;
			buildSettings = {
				BUNDLE_LOADER = "$(BUILT_PRODUCTS_DIR)/PSHUI.app/PSHUI";
				FRAMEWORK_SEARCH_PATHS = (
					"$(SDKROOT)/Developer/Library/Frameworks",
					"$(inherited)",
					"$(SYSTEM_APPS_DIR)/Xcode5-DP3.app/Contents/Developer/Library/Frameworks",
				);
				GCC_PRECOMPILE_PREFIX_HEADER = YES;
				GCC_PREFIX_HEADER = "PSHUI/PSHUI-Prefix.pch";
				INFOPLIST_FILE = "PSHUITests/PSHUITests-Info.plist";
				PRODUCT_NAME = "$(TARGET_NAME)";
				TEST_HOST = "$(BUNDLE_LOADER)";
				WRAPPER_EXTENSION = xctest;
			};
			name = Release;
		};
/* End XCBuildConfiguration section */

/* Begin XCConfigurationList section */
		F833062A179EE06C00210388 /* Build configuration list for PBXProject "PSHUI" */ = {
			isa = XCConfigurationList;
			buildConfigurations = (
				F8330659179EE06C00210388 /* Debug */,
				F833065A179EE06C00210388 /* Release */,
			);
			defaultConfigurationIsVisible = 0;
			defaultConfigurationName = Release;
		};
		F833065B179EE06C00210388 /* Build configuration list for PBXNativeTarget "PSHUI" */ = {
			isa = XCConfigurationList;
			buildConfigurations = (
				F833065C179EE06C00210388 /* Debug */,
				F833065D179EE06C00210388 /* Release */,
			);
			defaultConfigurationIsVisible = 0;
		};
		F833065E179EE06C00210388 /* Build configuration list for PBXNativeTarget "PSHUITests" */ = {
			isa = XCConfigurationList;
			buildConfigurations = (
				F833065F179EE06C00210388 /* Debug */,
				F8330660179EE06C00210388 /* Release */,
			);
			defaultConfigurationIsVisible = 0;
		};
/* End XCConfigurationList section */
	};
	rootObject = F8330627179EE06C00210388 /* Project object */;
}
