// !$*UTF8*$!
{
	archiveVersion = 1;
	classes = {
	};
	objectVersion = 46;
	objects = {

/* Begin PBXBuildFile section */
		646ED55B179F392300BF997C /* Foundation.framework in Frameworks */ = {isa = PBXBuildFile; fileRef = 646ED55A179F392300BF997C /* Foundation.framework */; };
		646ED55D179F392300BF997C /* CoreGraphics.framework in Frameworks */ = {isa = PBXBuildFile; fileRef = 646ED55C179F392300BF997C /* CoreGraphics.framework */; };
		646ED55F179F392300BF997C /* UIKit.framework in Frameworks */ = {isa = PBXBuildFile; fileRef = 646ED55E179F392300BF997C /* UIKit.framework */; };
		646ED565179F392300BF997C /* InfoPlist.strings in Resources */ = {isa = PBXBuildFile; fileRef = 646ED563179F392300BF997C /* InfoPlist.strings */; };
		646ED567179F392300BF997C /* main.m in Sources */ = {isa = PBXBuildFile; fileRef = 646ED566179F392300BF997C /* main.m */; };
		646ED56B179F392300BF997C /* PSAppDelegate.m in Sources */ = {isa = PBXBuildFile; fileRef = 646ED56A179F392300BF997C /* PSAppDelegate.m */; };
		646ED56D179F392300BF997C /* Images.xcassets in Resources */ = {isa = PBXBuildFile; fileRef = 646ED56C179F392300BF997C /* Images.xcassets */; };
		646ED574179F392300BF997C /* XCTest.framework in Frameworks */ = {isa = PBXBuildFile; fileRef = 646ED573179F392300BF997C /* XCTest.framework */; };
		646ED575179F392300BF997C /* Foundation.framework in Frameworks */ = {isa = PBXBuildFile; fileRef = 646ED55A179F392300BF997C /* Foundation.framework */; };
		646ED576179F392300BF997C /* UIKit.framework in Frameworks */ = {isa = PBXBuildFile; fileRef = 646ED55E179F392300BF997C /* UIKit.framework */; };
		646ED57E179F392300BF997C /* InfoPlist.strings in Resources */ = {isa = PBXBuildFile; fileRef = 646ED57C179F392300BF997C /* InfoPlist.strings */; };
		646ED580179F392300BF997C /* PSFrontendTests.m in Sources */ = {isa = PBXBuildFile; fileRef = 646ED57F179F392300BF997C /* PSFrontendTests.m */; };
/* End PBXBuildFile section */

/* Begin PBXContainerItemProxy section */
		646ED577179F392300BF997C /* PBXContainerItemProxy */ = {
			isa = PBXContainerItemProxy;
			containerPortal = 646ED54F179F392300BF997C /* Project object */;
			proxyType = 1;
			remoteGlobalIDString = 646ED556179F392300BF997C;
			remoteInfo = PSFrontend;
		};
/* End PBXContainerItemProxy section */

/* Begin PBXFileReference section */
		646ED557179F392300BF997C /* PSFrontend.app */ = {isa = PBXFileReference; explicitFileType = wrapper.application; includeInIndex = 0; path = PSFrontend.app; sourceTree = BUILT_PRODUCTS_DIR; };
		646ED55A179F392300BF997C /* Foundation.framework */ = {isa = PBXFileReference; lastKnownFileType = wrapper.framework; name = Foundation.framework; path = System/Library/Frameworks/Foundation.framework; sourceTree = SDKROOT; };
		646ED55C179F392300BF997C /* CoreGraphics.framework */ = {isa = PBXFileReference; lastKnownFileType = wrapper.framework; name = CoreGraphics.framework; path = System/Library/Frameworks/CoreGraphics.framework; sourceTree = SDKROOT; };
		646ED55E179F392300BF997C /* UIKit.framework */ = {isa = PBXFileReference; lastKnownFileType = wrapper.framework; name = UIKit.framework; path = System/Library/Frameworks/UIKit.framework; sourceTree = SDKROOT; };
		646ED562179F392300BF997C /* PSFrontend-Info.plist */ = {isa = PBXFileReference; lastKnownFileType = text.plist.xml; path = "PSFrontend-Info.plist"; sourceTree = "<group>"; };
		646ED564179F392300BF997C /* en */ = {isa = PBXFileReference; lastKnownFileType = text.plist.strings; name = en; path = en.lproj/InfoPlist.strings; sourceTree = "<group>"; };
		646ED566179F392300BF997C /* main.m */ = {isa = PBXFileReference; lastKnownFileType = sourcecode.c.objc; path = main.m; sourceTree = "<group>"; };
		646ED568179F392300BF997C /* PSFrontend-Prefix.pch */ = {isa = PBXFileReference; lastKnownFileType = sourcecode.c.h; path = "PSFrontend-Prefix.pch"; sourceTree = "<group>"; };
		646ED569179F392300BF997C /* PSAppDelegate.h */ = {isa = PBXFileReference; lastKnownFileType = sourcecode.c.h; path = PSAppDelegate.h; sourceTree = "<group>"; };
		646ED56A179F392300BF997C /* PSAppDelegate.m */ = {isa = PBXFileReference; lastKnownFileType = sourcecode.c.objc; path = PSAppDelegate.m; sourceTree = "<group>"; };
		646ED56C179F392300BF997C /* Images.xcassets */ = {isa = PBXFileReference; lastKnownFileType = folder.assetcatalog; path = Images.xcassets; sourceTree = "<group>"; };
		646ED572179F392300BF997C /* PSFrontendTests.xctest */ = {isa = PBXFileReference; explicitFileType = wrapper.cfbundle; includeInIndex = 0; path = PSFrontendTests.xctest; sourceTree = BUILT_PRODUCTS_DIR; };
		646ED573179F392300BF997C /* XCTest.framework */ = {isa = PBXFileReference; lastKnownFileType = wrapper.framework; name = XCTest.framework; path = Library/Frameworks/XCTest.framework; sourceTree = DEVELOPER_DIR; };
		646ED57B179F392300BF997C /* PSFrontendTests-Info.plist */ = {isa = PBXFileReference; lastKnownFileType = text.plist.xml; path = "PSFrontendTests-Info.plist"; sourceTree = "<group>"; };
		646ED57D179F392300BF997C /* en */ = {isa = PBXFileReference; lastKnownFileType = text.plist.strings; name = en; path = en.lproj/InfoPlist.strings; sourceTree = "<group>"; };
		646ED57F179F392300BF997C /* PSFrontendTests.m */ = {isa = PBXFileReference; lastKnownFileType = sourcecode.c.objc; path = PSFrontendTests.m; sourceTree = "<group>"; };
/* End PBXFileReference section */

/* Begin PBXFrameworksBuildPhase section */
		646ED554179F392300BF997C /* Frameworks */ = {
			isa = PBXFrameworksBuildPhase;
			buildActionMask = 2147483647;
			files = (
				646ED55D179F392300BF997C /* CoreGraphics.framework in Frameworks */,
				646ED55F179F392300BF997C /* UIKit.framework in Frameworks */,
				646ED55B179F392300BF997C /* Foundation.framework in Frameworks */,
			);
			runOnlyForDeploymentPostprocessing = 0;
		};
		646ED56F179F392300BF997C /* Frameworks */ = {
			isa = PBXFrameworksBuildPhase;
			buildActionMask = 2147483647;
			files = (
				646ED574179F392300BF997C /* XCTest.framework in Frameworks */,
				646ED576179F392300BF997C /* UIKit.framework in Frameworks */,
				646ED575179F392300BF997C /* Foundation.framework in Frameworks */,
			);
			runOnlyForDeploymentPostprocessing = 0;
		};
/* End PBXFrameworksBuildPhase section */

/* Begin PBXGroup section */
		646ED54E179F392300BF997C = {
			isa = PBXGroup;
			children = (
				646ED560179F392300BF997C /* PSFrontend */,
				646ED579179F392300BF997C /* PSFrontendTests */,
				646ED559179F392300BF997C /* Frameworks */,
				646ED558179F392300BF997C /* Products */,
			);
			sourceTree = "<group>";
		};
		646ED558179F392300BF997C /* Products */ = {
			isa = PBXGroup;
			children = (
				646ED557179F392300BF997C /* PSFrontend.app */,
				646ED572179F392300BF997C /* PSFrontendTests.xctest */,
			);
			name = Products;
			sourceTree = "<group>";
		};
		646ED559179F392300BF997C /* Frameworks */ = {
			isa = PBXGroup;
			children = (
				646ED55A179F392300BF997C /* Foundation.framework */,
				646ED55C179F392300BF997C /* CoreGraphics.framework */,
				646ED55E179F392300BF997C /* UIKit.framework */,
				646ED573179F392300BF997C /* XCTest.framework */,
			);
			name = Frameworks;
			sourceTree = "<group>";
		};
		646ED560179F392300BF997C /* PSFrontend */ = {
			isa = PBXGroup;
			children = (
				646ED569179F392300BF997C /* PSAppDelegate.h */,
				646ED56A179F392300BF997C /* PSAppDelegate.m */,
				646ED56C179F392300BF997C /* Images.xcassets */,
				646ED561179F392300BF997C /* Supporting Files */,
			);
			path = PSFrontend;
			sourceTree = "<group>";
		};
		646ED561179F392300BF997C /* Supporting Files */ = {
			isa = PBXGroup;
			children = (
				646ED562179F392300BF997C /* PSFrontend-Info.plist */,
				646ED563179F392300BF997C /* InfoPlist.strings */,
				646ED566179F392300BF997C /* main.m */,
				646ED568179F392300BF997C /* PSFrontend-Prefix.pch */,
			);
			name = "Supporting Files";
			sourceTree = "<group>";
		};
		646ED579179F392300BF997C /* PSFrontendTests */ = {
			isa = PBXGroup;
			children = (
				646ED57F179F392300BF997C /* PSFrontendTests.m */,
				646ED57A179F392300BF997C /* Supporting Files */,
			);
			path = PSFrontendTests;
			sourceTree = "<group>";
		};
		646ED57A179F392300BF997C /* Supporting Files */ = {
			isa = PBXGroup;
			children = (
				646ED57B179F392300BF997C /* PSFrontendTests-Info.plist */,
				646ED57C179F392300BF997C /* InfoPlist.strings */,
			);
			name = "Supporting Files";
			sourceTree = "<group>";
		};
/* End PBXGroup section */

/* Begin PBXNativeTarget section */
		646ED556179F392300BF997C /* PSFrontend */ = {
			isa = PBXNativeTarget;
			buildConfigurationList = 646ED583179F392300BF997C /* Build configuration list for PBXNativeTarget "PSFrontend" */;
			buildPhases = (
				646ED553179F392300BF997C /* Sources */,
				646ED554179F392300BF997C /* Frameworks */,
				646ED555179F392300BF997C /* Resources */,
			);
			buildRules = (
			);
			dependencies = (
			);
			name = PSFrontend;
			productName = PSFrontend;
			productReference = 646ED557179F392300BF997C /* PSFrontend.app */;
			productType = "com.apple.product-type.application";
		};
		646ED571179F392300BF997C /* PSFrontendTests */ = {
			isa = PBXNativeTarget;
			buildConfigurationList = 646ED586179F392300BF997C /* Build configuration list for PBXNativeTarget "PSFrontendTests" */;
			buildPhases = (
				646ED56E179F392300BF997C /* Sources */,
				646ED56F179F392300BF997C /* Frameworks */,
				646ED570179F392300BF997C /* Resources */,
			);
			buildRules = (
			);
			dependencies = (
				646ED578179F392300BF997C /* PBXTargetDependency */,
			);
			name = PSFrontendTests;
			productName = PSFrontendTests;
			productReference = 646ED572179F392300BF997C /* PSFrontendTests.xctest */;
			productType = "com.apple.product-type.bundle.unit-test";
		};
/* End PBXNativeTarget section */

/* Begin PBXProject section */
		646ED54F179F392300BF997C /* Project object */ = {
			isa = PBXProject;
			attributes = {
				CLASSPREFIX = PS;
				LastUpgradeCheck = 0500;
				ORGANIZATIONNAME = FBPusheen;
				TargetAttributes = {
					646ED571179F392300BF997C = {
						TestTargetID = 646ED556179F392300BF997C;
					};
				};
			};
			buildConfigurationList = 646ED552179F392300BF997C /* Build configuration list for PBXProject "PSFrontend" */;
			compatibilityVersion = "Xcode 3.2";
			developmentRegion = English;
			hasScannedForEncodings = 0;
			knownRegions = (
				en,
			);
			mainGroup = 646ED54E179F392300BF997C;
			productRefGroup = 646ED558179F392300BF997C /* Products */;
			projectDirPath = "";
			projectRoot = "";
			targets = (
				646ED556179F392300BF997C /* PSFrontend */,
				646ED571179F392300BF997C /* PSFrontendTests */,
			);
		};
/* End PBXProject section */

/* Begin PBXResourcesBuildPhase section */
		646ED555179F392300BF997C /* Resources */ = {
			isa = PBXResourcesBuildPhase;
			buildActionMask = 2147483647;
			files = (
				646ED565179F392300BF997C /* InfoPlist.strings in Resources */,
				646ED56D179F392300BF997C /* Images.xcassets in Resources */,
			);
			runOnlyForDeploymentPostprocessing = 0;
		};
		646ED570179F392300BF997C /* Resources */ = {
			isa = PBXResourcesBuildPhase;
			buildActionMask = 2147483647;
			files = (
				646ED57E179F392300BF997C /* InfoPlist.strings in Resources */,
			);
			runOnlyForDeploymentPostprocessing = 0;
		};
/* End PBXResourcesBuildPhase section */

/* Begin PBXSourcesBuildPhase section */
		646ED553179F392300BF997C /* Sources */ = {
			isa = PBXSourcesBuildPhase;
			buildActionMask = 2147483647;
			files = (
				646ED567179F392300BF997C /* main.m in Sources */,
				646ED56B179F392300BF997C /* PSAppDelegate.m in Sources */,
			);
			runOnlyForDeploymentPostprocessing = 0;
		};
		646ED56E179F392300BF997C /* Sources */ = {
			isa = PBXSourcesBuildPhase;
			buildActionMask = 2147483647;
			files = (
				646ED580179F392300BF997C /* PSFrontendTests.m in Sources */,
			);
			runOnlyForDeploymentPostprocessing = 0;
		};
/* End PBXSourcesBuildPhase section */

/* Begin PBXTargetDependency section */
		646ED578179F392300BF997C /* PBXTargetDependency */ = {
			isa = PBXTargetDependency;
			target = 646ED556179F392300BF997C /* PSFrontend */;
			targetProxy = 646ED577179F392300BF997C /* PBXContainerItemProxy */;
		};
/* End PBXTargetDependency section */

/* Begin PBXVariantGroup section */
		646ED563179F392300BF997C /* InfoPlist.strings */ = {
			isa = PBXVariantGroup;
			children = (
				646ED564179F392300BF997C /* en */,
			);
			name = InfoPlist.strings;
			sourceTree = "<group>";
		};
		646ED57C179F392300BF997C /* InfoPlist.strings */ = {
			isa = PBXVariantGroup;
			children = (
				646ED57D179F392300BF997C /* en */,
			);
			name = InfoPlist.strings;
			sourceTree = "<group>";
		};
/* End PBXVariantGroup section */

/* Begin XCBuildConfiguration section */
		646ED581179F392300BF997C /* Debug */ = {
			isa = XCBuildConfiguration;
			buildSettings = {
				ALWAYS_SEARCH_USER_PATHS = NO;
				CLANG_CXX_LANGUAGE_STANDARD = "gnu++0x";
				CLANG_CXX_LIBRARY = "libc++";
				CLANG_ENABLE_MODULES = YES;
				CLANG_ENABLE_OBJC_ARC = YES;
				CLANG_WARN_BOOL_CONVERSION = YES;
				CLANG_WARN_CONSTANT_CONVERSION = YES;
				CLANG_WARN_DIRECT_OBJC_ISA_USAGE = YES_ERROR;
				CLANG_WARN_EMPTY_BODY = YES;
				CLANG_WARN_ENUM_CONVERSION = YES;
				CLANG_WARN_INT_CONVERSION = YES;
				CLANG_WARN_OBJC_ROOT_CLASS = YES_ERROR;
				CLANG_WARN__DUPLICATE_METHOD_MATCH = YES;
				"CODE_SIGN_IDENTITY[sdk=iphoneos*]" = "iPhone Developer";
				COPY_PHASE_STRIP = NO;
				GCC_C_LANGUAGE_STANDARD = gnu99;
				GCC_DYNAMIC_NO_PIC = NO;
				GCC_OPTIMIZATION_LEVEL = 0;
				GCC_PREPROCESSOR_DEFINITIONS = (
					"DEBUG=1",
					"$(inherited)",
				);
				GCC_SYMBOLS_PRIVATE_EXTERN = NO;
				GCC_WARN_ABOUT_RETURN_TYPE = YES_ERROR;
				GCC_WARN_UNDECLARED_SELECTOR = YES;
				GCC_WARN_UNINITIALIZED_AUTOS = YES;
				GCC_WARN_UNUSED_FUNCTION = YES;
				GCC_WARN_UNUSED_VARIABLE = YES;
				IPHONEOS_DEPLOYMENT_TARGET = 7.0;
				ONLY_ACTIVE_ARCH = YES;
				SDKROOT = iphoneos;
			};
			name = Debug;
		};
		646ED582179F392300BF997C /* Release */ = {
			isa = XCBuildConfiguration;
			buildSettings = {
				ALWAYS_SEARCH_USER_PATHS = NO;
				CLANG_CXX_LANGUAGE_STANDARD = "gnu++0x";
				CLANG_CXX_LIBRARY = "libc++";
				CLANG_ENABLE_MODULES = YES;
				CLANG_ENABLE_OBJC_ARC = YES;
				CLANG_WARN_BOOL_CONVERSION = YES;
				CLANG_WARN_CONSTANT_CONVERSION = YES;
				CLANG_WARN_DIRECT_OBJC_ISA_USAGE = YES_ERROR;
				CLANG_WARN_EMPTY_BODY = YES;
				CLANG_WARN_ENUM_CONVERSION = YES;
				CLANG_WARN_INT_CONVERSION = YES;
				CLANG_WARN_OBJC_ROOT_CLASS = YES_ERROR;
				CLANG_WARN__DUPLICATE_METHOD_MATCH = YES;
				"CODE_SIGN_IDENTITY[sdk=iphoneos*]" = "iPhone Developer";
				COPY_PHASE_STRIP = YES;
				ENABLE_NS_ASSERTIONS = NO;
				GCC_C_LANGUAGE_STANDARD = gnu99;
				GCC_WARN_ABOUT_RETURN_TYPE = YES_ERROR;
				GCC_WARN_UNDECLARED_SELECTOR = YES;
				GCC_WARN_UNINITIALIZED_AUTOS = YES;
				GCC_WARN_UNUSED_FUNCTION = YES;
				GCC_WARN_UNUSED_VARIABLE = YES;
				IPHONEOS_DEPLOYMENT_TARGET = 7.0;
				SDKROOT = iphoneos;
				VALIDATE_PRODUCT = YES;
			};
			name = Release;
		};
		646ED584179F392300BF997C /* Debug */ = {
			isa = XCBuildConfiguration;
			buildSettings = {
				ASSETCATALOG_COMPILER_APPICON_NAME = AppIcon;
				ASSETCATALOG_COMPILER_LAUNCHIMAGE_NAME = LaunchImage;
				GCC_PRECOMPILE_PREFIX_HEADER = YES;
				GCC_PREFIX_HEADER = "PSFrontend/PSFrontend-Prefix.pch";
				INFOPLIST_FILE = "PSFrontend/PSFrontend-Info.plist";
				IPHONEOS_DEPLOYMENT_TARGET = 6.1;
				PRODUCT_NAME = "$(TARGET_NAME)";
				WRAPPER_EXTENSION = app;
			};
			name = Debug;
		};
		646ED585179F392300BF997C /* Release */ = {
			isa = XCBuildConfiguration;
			buildSettings = {
				ASSETCATALOG_COMPILER_APPICON_NAME = AppIcon;
				ASSETCATALOG_COMPILER_LAUNCHIMAGE_NAME = LaunchImage;
				GCC_PRECOMPILE_PREFIX_HEADER = YES;
				GCC_PREFIX_HEADER = "PSFrontend/PSFrontend-Prefix.pch";
				INFOPLIST_FILE = "PSFrontend/PSFrontend-Info.plist";
				IPHONEOS_DEPLOYMENT_TARGET = 6.1;
				PRODUCT_NAME = "$(TARGET_NAME)";
				WRAPPER_EXTENSION = app;
			};
			name = Release;
		};
		646ED587179F392300BF997C /* Debug */ = {
			isa = XCBuildConfiguration;
			buildSettings = {
				BUNDLE_LOADER = "$(BUILT_PRODUCTS_DIR)/PSFrontend.app/PSFrontend";
				FRAMEWORK_SEARCH_PATHS = (
					"$(SDKROOT)/Developer/Library/Frameworks",
					"$(inherited)",
					"$(SYSTEM_APPS_DIR)/Xcode5-DP3.app/Contents/Developer/Library/Frameworks",
				);
				GCC_PRECOMPILE_PREFIX_HEADER = YES;
				GCC_PREFIX_HEADER = "PSFrontend/PSFrontend-Prefix.pch";
				GCC_PREPROCESSOR_DEFINITIONS = (
					"DEBUG=1",
					"$(inherited)",
				);
				INFOPLIST_FILE = "PSFrontendTests/PSFrontendTests-Info.plist";
				PRODUCT_NAME = "$(TARGET_NAME)";
				TEST_HOST = "$(BUNDLE_LOADER)";
				WRAPPER_EXTENSION = xctest;
			};
			name = Debug;
		};
		646ED588179F392300BF997C /* Release */ = {
			isa = XCBuildConfiguration;
			buildSettings = {
				BUNDLE_LOADER = "$(BUILT_PRODUCTS_DIR)/PSFrontend.app/PSFrontend";
				FRAMEWORK_SEARCH_PATHS = (
					"$(SDKROOT)/Developer/Library/Frameworks",
					"$(inherited)",
					"$(SYSTEM_APPS_DIR)/Xcode5-DP3.app/Contents/Developer/Library/Frameworks",
				);
				GCC_PRECOMPILE_PREFIX_HEADER = YES;
				GCC_PREFIX_HEADER = "PSFrontend/PSFrontend-Prefix.pch";
				INFOPLIST_FILE = "PSFrontendTests/PSFrontendTests-Info.plist";
				PRODUCT_NAME = "$(TARGET_NAME)";
				TEST_HOST = "$(BUNDLE_LOADER)";
				WRAPPER_EXTENSION = xctest;
			};
			name = Release;
		};
/* End XCBuildConfiguration section */

/* Begin XCConfigurationList section */
		646ED552179F392300BF997C /* Build configuration list for PBXProject "PSFrontend" */ = {
			isa = XCConfigurationList;
			buildConfigurations = (
				646ED581179F392300BF997C /* Debug */,
				646ED582179F392300BF997C /* Release */,
			);
			defaultConfigurationIsVisible = 0;
			defaultConfigurationName = Release;
		};
		646ED583179F392300BF997C /* Build configuration list for PBXNativeTarget "PSFrontend" */ = {
			isa = XCConfigurationList;
			buildConfigurations = (
				646ED584179F392300BF997C /* Debug */,
				646ED585179F392300BF997C /* Release */,
			);
			defaultConfigurationIsVisible = 0;
		};
		646ED586179F392300BF997C /* Build configuration list for PBXNativeTarget "PSFrontendTests" */ = {
			isa = XCConfigurationList;
			buildConfigurations = (
				646ED587179F392300BF997C /* Debug */,
				646ED588179F392300BF997C /* Release */,
			);
			defaultConfigurationIsVisible = 0;
		};
/* End XCConfigurationList section */
	};
	rootObject = 646ED54F179F392300BF997C /* Project object */;
}
